// !$*UTF8*$!
{
	archiveVersion = 1;
	classes = {
	};
	objectVersion = 56;
	objects = {

/* Begin PBXBuildFile section */
		04814F52284FA5B2004DFB85 /* AppDelegate.swift in Sources */ = {isa = PBXBuildFile; fileRef = 04814F51284FA5B2004DFB85 /* AppDelegate.swift */; };
		04814F54284FA5B2004DFB85 /* ViewController.swift in Sources */ = {isa = PBXBuildFile; fileRef = 04814F53284FA5B2004DFB85 /* ViewController.swift */; };
		04814F59284FA5B2004DFB85 /* Main.storyboard in Resources */ = {isa = PBXBuildFile; fileRef = 04814F57284FA5B2004DFB85 /* Main.storyboard */; };
		04814F5B284FA5B3004DFB85 /* Assets.xcassets in Resources */ = {isa = PBXBuildFile; fileRef = 04814F5A284FA5B3004DFB85 /* Assets.xcassets */; };
		04814F5E284FA5B3004DFB85 /* LaunchScreen.storyboard in Resources */ = {isa = PBXBuildFile; fileRef = 04814F5C284FA5B3004DFB85 /* LaunchScreen.storyboard */; };
		04814F66284FA63A004DFB85 /* RoomObjectReplicator in Frameworks */ = {isa = PBXBuildFile; productRef = 04814F65284FA63A004DFB85 /* RoomObjectReplicator */; };
/* End PBXBuildFile section */

/* Begin PBXFileReference section */
		04814F4E284FA5B2004DFB85 /* RoomObjectReplicatorDemo.app */ = {isa = PBXFileReference; explicitFileType = wrapper.application; includeInIndex = 0; path = RoomObjectReplicatorDemo.app; sourceTree = BUILT_PRODUCTS_DIR; };
		04814F51284FA5B2004DFB85 /* AppDelegate.swift */ = {isa = PBXFileReference; lastKnownFileType = sourcecode.swift; path = AppDelegate.swift; sourceTree = "<group>"; };
		04814F53284FA5B2004DFB85 /* ViewController.swift */ = {isa = PBXFileReference; lastKnownFileType = sourcecode.swift; path = ViewController.swift; sourceTree = "<group>"; };
		04814F58284FA5B2004DFB85 /* Base */ = {isa = PBXFileReference; lastKnownFileType = file.storyboard; name = Base; path = Base.lproj/Main.storyboard; sourceTree = "<group>"; };
		04814F5A284FA5B3004DFB85 /* Assets.xcassets */ = {isa = PBXFileReference; lastKnownFileType = folder.assetcatalog; path = Assets.xcassets; sourceTree = "<group>"; };
		04814F5D284FA5B3004DFB85 /* Base */ = {isa = PBXFileReference; lastKnownFileType = file.storyboard; name = Base; path = Base.lproj/LaunchScreen.storyboard; sourceTree = "<group>"; };
/* End PBXFileReference section */

/* Begin PBXFrameworksBuildPhase section */
		04814F4B284FA5B2004DFB85 /* Frameworks */ = {
			isa = PBXFrameworksBuildPhase;
			buildActionMask = 2147483647;
			files = (
				04814F66284FA63A004DFB85 /* RoomObjectReplicator in Frameworks */,
			);
			runOnlyForDeploymentPostprocessing = 0;
		};
/* End PBXFrameworksBuildPhase section */

/* Begin PBXGroup section */
		04814F45284FA5B2004DFB85 = {
			isa = PBXGroup;
			children = (
				04814F50284FA5B2004DFB85 /* RoomObjectReplicatorDemo */,
				04814F4F284FA5B2004DFB85 /* Products */,
			);
			sourceTree = "<group>";
		};
		04814F4F284FA5B2004DFB85 /* Products */ = {
			isa = PBXGroup;
			children = (
				04814F4E284FA5B2004DFB85 /* RoomObjectReplicatorDemo.app */,
			);
			name = Products;
			sourceTree = "<group>";
		};
		04814F50284FA5B2004DFB85 /* RoomObjectReplicatorDemo */ = {
			isa = PBXGroup;
			children = (
				04814F51284FA5B2004DFB85 /* AppDelegate.swift */,
				04814F53284FA5B2004DFB85 /* ViewController.swift */,
				04814F57284FA5B2004DFB85 /* Main.storyboard */,
				04814F5A284FA5B3004DFB85 /* Assets.xcassets */,
				04814F5C284FA5B3004DFB85 /* LaunchScreen.storyboard */,
			);
			path = RoomObjectReplicatorDemo;
			sourceTree = "<group>";
		};
/* End PBXGroup section */

/* Begin PBXNativeTarget section */
		04814F4D284FA5B2004DFB85 /* RoomObjectReplicatorDemo */ = {
			isa = PBXNativeTarget;
			buildConfigurationList = 04814F61284FA5B3004DFB85 /* Build configuration list for PBXNativeTarget "RoomObjectReplicatorDemo" */;
			buildPhases = (
				04814F4A284FA5B2004DFB85 /* Sources */,
				04814F4B284FA5B2004DFB85 /* Frameworks */,
				04814F4C284FA5B2004DFB85 /* Resources */,
			);
			buildRules = (
			);
			dependencies = (
			);
			name = RoomObjectReplicatorDemo;
			packageProductDependencies = (
				04814F65284FA63A004DFB85 /* RoomObjectReplicator */,
			);
			productName = RoomObjectReplicatorDemo;
			productReference = 04814F4E284FA5B2004DFB85 /* RoomObjectReplicatorDemo.app */;
			productType = "com.apple.product-type.application";
		};
/* End PBXNativeTarget section */

/* Begin PBXProject section */
		04814F46284FA5B2004DFB85 /* Project object */ = {
			isa = PBXProject;
			attributes = {
				BuildIndependentTargetsInParallel = 1;
				LastSwiftUpdateCheck = 1400;
				LastUpgradeCheck = 1400;
				TargetAttributes = {
					04814F4D284FA5B2004DFB85 = {
						CreatedOnToolsVersion = 14.0;
					};
				};
			};
			buildConfigurationList = 04814F49284FA5B2004DFB85 /* Build configuration list for PBXProject "RoomObjectReplicatorDemo" */;
			compatibilityVersion = "Xcode 14.0";
			developmentRegion = en;
			hasScannedForEncodings = 0;
			knownRegions = (
				en,
				Base,
			);
			mainGroup = 04814F45284FA5B2004DFB85;
			packageReferences = (
				04814F64284FA63A004DFB85 /* XCRemoteSwiftPackageReference "RoomObjectReplicator" */,
			);
			productRefGroup = 04814F4F284FA5B2004DFB85 /* Products */;
			projectDirPath = "";
			projectRoot = "";
			targets = (
				04814F4D284FA5B2004DFB85 /* RoomObjectReplicatorDemo */,
			);
		};
/* End PBXProject section */

/* Begin PBXResourcesBuildPhase section */
		04814F4C284FA5B2004DFB85 /* Resources */ = {
			isa = PBXResourcesBuildPhase;
			buildActionMask = 2147483647;
			files = (
				04814F5E284FA5B3004DFB85 /* LaunchScreen.storyboard in Resources */,
				04814F5B284FA5B3004DFB85 /* Assets.xcassets in Resources */,
				04814F59284FA5B2004DFB85 /* Main.storyboard in Resources */,
			);
			runOnlyForDeploymentPostprocessing = 0;
		};
/* End PBXResourcesBuildPhase section */

/* Begin PBXSourcesBuildPhase section */
		04814F4A284FA5B2004DFB85 /* Sources */ = {
			isa = PBXSourcesBuildPhase;
			buildActionMask = 2147483647;
			files = (
				04814F54284FA5B2004DFB85 /* ViewController.swift in Sources */,
				04814F52284FA5B2004DFB85 /* AppDelegate.swift in Sources */,
			);
			runOnlyForDeploymentPostprocessing = 0;
		};
/* End PBXSourcesBuildPhase section */

/* Begin PBXVariantGroup section */
		04814F57284FA5B2004DFB85 /* Main.storyboard */ = {
			isa = PBXVariantGroup;
			children = (
				04814F58284FA5B2004DFB85 /* Base */,
			);
			name = Main.storyboard;
			sourceTree = "<group>";
		};
		04814F5C284FA5B3004DFB85 /* LaunchScreen.storyboard */ = {
			isa = PBXVariantGroup;
			children = (
				04814F5D284FA5B3004DFB85 /* Base */,
			);
			name = LaunchScreen.storyboard;
			sourceTree = "<group>";
		};
/* End PBXVariantGroup section */

/* Begin XCBuildConfiguration section */
		04814F5F284FA5B3004DFB85 /* Debug */ = {
			isa = XCBuildConfiguration;
			buildSettings = {
				ALWAYS_SEARCH_USER_PATHS = NO;
				CLANG_ANALYZER_NONNULL = YES;
				CLANG_ANALYZER_NUMBER_OBJECT_CONVERSION = YES_AGGRESSIVE;
				CLANG_CXX_LANGUAGE_STANDARD = "gnu++17";
				CLANG_ENABLE_MODULES = YES;
				CLANG_ENABLE_OBJC_ARC = YES;
				CLANG_ENABLE_OBJC_WEAK = YES;
				CLANG_WARN_BLOCK_CAPTURE_AUTORELEASING = YES;
				CLANG_WARN_BOOL_CONVERSION = YES;
				CLANG_WARN_COMMA = YES;
				CLANG_WARN_CONSTANT_CONVERSION = YES;
				CLANG_WARN_DEPRECATED_OBJC_IMPLEMENTATIONS = YES;
				CLANG_WARN_DIRECT_OBJC_ISA_USAGE = YES_ERROR;
				CLANG_WARN_DOCUMENTATION_COMMENTS = YES;
				CLANG_WARN_EMPTY_BODY = YES;
				CLANG_WARN_ENUM_CONVERSION = YES;
				CLANG_WARN_INFINITE_RECURSION = YES;
				CLANG_WARN_INT_CONVERSION = YES;
				CLANG_WARN_NON_LITERAL_NULL_CONVERSION = YES;
				CLANG_WARN_OBJC_IMPLICIT_RETAIN_SELF = YES;
				CLANG_WARN_OBJC_LITERAL_CONVERSION = YES;
				CLANG_WARN_OBJC_ROOT_CLASS = YES_ERROR;
				CLANG_WARN_QUOTED_INCLUDE_IN_FRAMEWORK_HEADER = YES;
				CLANG_WARN_RANGE_LOOP_ANALYSIS = YES;
				CLANG_WARN_STRICT_PROTOTYPES = YES;
				CLANG_WARN_SUSPICIOUS_MOVE = YES;
				CLANG_WARN_UNGUARDED_AVAILABILITY = YES_AGGRESSIVE;
				CLANG_WARN_UNREACHABLE_CODE = YES;
				CLANG_WARN__DUPLICATE_METHOD_MATCH = YES;
				COPY_PHASE_STRIP = NO;
				DEBUG_INFORMATION_FORMAT = dwarf;
				ENABLE_STRICT_OBJC_MSGSEND = YES;
				ENABLE_TESTABILITY = YES;
				GCC_C_LANGUAGE_STANDARD = gnu11;
				GCC_DYNAMIC_NO_PIC = NO;
				GCC_NO_COMMON_BLOCKS = YES;
				GCC_OPTIMIZATION_LEVEL = 0;
				GCC_PREPROCESSOR_DEFINITIONS = (
					"DEBUG=1",
					"$(inherited)",
				);
				GCC_WARN_64_TO_32_BIT_CONVERSION = YES;
				GCC_WARN_ABOUT_RETURN_TYPE = YES_ERROR;
				GCC_WARN_UNDECLARED_SELECTOR = YES;
				GCC_WARN_UNINITIALIZED_AUTOS = YES_AGGRESSIVE;
				GCC_WARN_UNUSED_FUNCTION = YES;
				GCC_WARN_UNUSED_VARIABLE = YES;
				IPHONEOS_DEPLOYMENT_TARGET = 16.0;
				MTL_ENABLE_DEBUG_INFO = INCLUDE_SOURCE;
				MTL_FAST_MATH = YES;
				ONLY_ACTIVE_ARCH = YES;
				SDKROOT = iphoneos;
				SWIFT_ACTIVE_COMPILATION_CONDITIONS = DEBUG;
				SWIFT_OPTIMIZATION_LEVEL = "-Onone";
			};
			name = Debug;
		};
		04814F60284FA5B3004DFB85 /* Release */ = {
			isa = XCBuildConfiguration;
			buildSettings = {
				ALWAYS_SEARCH_USER_PATHS = NO;
				CLANG_ANALYZER_NONNULL = YES;
				CLANG_ANALYZER_NUMBER_OBJECT_CONVERSION = YES_AGGRESSIVE;
				CLANG_CXX_LANGUAGE_STANDARD = "gnu++17";
				CLANG_ENABLE_MODULES = YES;
				CLANG_ENABLE_OBJC_ARC = YES;
				CLANG_ENABLE_OBJC_WEAK = YES;
				CLANG_WARN_BLOCK_CAPTURE_AUTORELEASING = YES;
				CLANG_WARN_BOOL_CONVERSION = YES;
				CLANG_WARN_COMMA = YES;
				CLANG_WARN_CONSTANT_CONVERSION = YES;
				CLANG_WARN_DEPRECATED_OBJC_IMPLEMENTATIONS = YES;
				CLANG_WARN_DIRECT_OBJC_ISA_USAGE = YES_ERROR;
				CLANG_WARN_DOCUMENTATION_COMMENTS = YES;
				CLANG_WARN_EMPTY_BODY = YES;
				CLANG_WARN_ENUM_CONVERSION = YES;
				CLANG_WARN_INFINITE_RECURSION = YES;
				CLANG_WARN_INT_CONVERSION = YES;
				CLANG_WARN_NON_LITERAL_NULL_CONVERSION = YES;
				CLANG_WARN_OBJC_IMPLICIT_RETAIN_SELF = YES;
				CLANG_WARN_OBJC_LITERAL_CONVERSION = YES;
				CLANG_WARN_OBJC_ROOT_CLASS = YES_ERROR;
				CLANG_WARN_QUOTED_INCLUDE_IN_FRAMEWORK_HEADER = YES;
				CLANG_WARN_RANGE_LOOP_ANALYSIS = YES;
				CLANG_WARN_STRICT_PROTOTYPES = YES;
				CLANG_WARN_SUSPICIOUS_MOVE = YES;
				CLANG_WARN_UNGUARDED_AVAILABILITY = YES_AGGRESSIVE;
				CLANG_WARN_UNREACHABLE_CODE = YES;
				CLANG_WARN__DUPLICATE_METHOD_MATCH = YES;
				COPY_PHASE_STRIP = NO;
				DEBUG_INFORMATION_FORMAT = "dwarf-with-dsym";
				ENABLE_NS_ASSERTIONS = NO;
				ENABLE_STRICT_OBJC_MSGSEND = YES;
				GCC_C_LANGUAGE_STANDARD = gnu11;
				GCC_NO_COMMON_BLOCKS = YES;
				GCC_WARN_64_TO_32_BIT_CONVERSION = YES;
				GCC_WARN_ABOUT_RETURN_TYPE = YES_ERROR;
				GCC_WARN_UNDECLARED_SELECTOR = YES;
				GCC_WARN_UNINITIALIZED_AUTOS = YES_AGGRESSIVE;
				GCC_WARN_UNUSED_FUNCTION = YES;
				GCC_WARN_UNUSED_VARIABLE = YES;
				IPHONEOS_DEPLOYMENT_TARGET = 16.0;
				MTL_ENABLE_DEBUG_INFO = NO;
				MTL_FAST_MATH = YES;
				SDKROOT = iphoneos;
				SWIFT_COMPILATION_MODE = wholemodule;
				SWIFT_OPTIMIZATION_LEVEL = "-O";
				VALIDATE_PRODUCT = YES;
			};
			name = Release;
		};
		04814F62284FA5B3004DFB85 /* Debug */ = {
			isa = XCBuildConfiguration;
			buildSettings = {
				ASSETCATALOG_COMPILER_APPICON_NAME = AppIcon;
				ASSETCATALOG_COMPILER_GLOBAL_ACCENT_COLOR_NAME = AccentColor;
				CODE_SIGN_STYLE = Automatic;
				CURRENT_PROJECT_VERSION = 1;
				DEVELOPMENT_TEAM = LVFKAL5KFM;
				GENERATE_INFOPLIST_FILE = YES;
				INFOPLIST_KEY_NSCameraUsageDescription = "";
				INFOPLIST_KEY_UIApplicationSupportsIndirectInputEvents = YES;
				INFOPLIST_KEY_UILaunchStoryboardName = LaunchScreen;
				INFOPLIST_KEY_UIMainStoryboardFile = Main;
				INFOPLIST_KEY_UIRequiredDeviceCapabilities = arkit;
				INFOPLIST_KEY_UIStatusBarHidden = YES;
				INFOPLIST_KEY_UISupportedInterfaceOrientations_iPad = "UIInterfaceOrientationPortrait UIInterfaceOrientationPortraitUpsideDown UIInterfaceOrientationLandscapeLeft UIInterfaceOrientationLandscapeRight";
				INFOPLIST_KEY_UISupportedInterfaceOrientations_iPhone = "UIInterfaceOrientationPortrait UIInterfaceOrientationLandscapeLeft UIInterfaceOrientationLandscapeRight";
				LD_RUNPATH_SEARCH_PATHS = (
					"$(inherited)",
					"@executable_path/Frameworks",
				);
				MARKETING_VERSION = 1.0;
				PRODUCT_BUNDLE_IDENTIFIER = com.jmousseau.RoomObjectReplicatorDemo;
				PRODUCT_NAME = "$(TARGET_NAME)";
				SWIFT_EMIT_LOC_STRINGS = YES;
				SWIFT_VERSION = 5.0;
				TARGETED_DEVICE_FAMILY = "1,2";
			};
			name = Debug;
		};
		04814F63284FA5B3004DFB85 /* Release */ = {
			isa = XCBuildConfiguration;
			buildSettings = {
				ASSETCATALOG_COMPILER_APPICON_NAME = AppIcon;
				ASSETCATALOG_COMPILER_GLOBAL_ACCENT_COLOR_NAME = AccentColor;
				CODE_SIGN_STYLE = Automatic;
				CURRENT_PROJECT_VERSION = 1;
				DEVELOPMENT_TEAM = LVFKAL5KFM;
				GENERATE_INFOPLIST_FILE = YES;
				INFOPLIST_KEY_NSCameraUsageDescription = "";
				INFOPLIST_KEY_UIApplicationSupportsIndirectInputEvents = YES;
				INFOPLIST_KEY_UILaunchStoryboardName = LaunchScreen;
				INFOPLIST_KEY_UIMainStoryboardFile = Main;
				INFOPLIST_KEY_UIRequiredDeviceCapabilities = arkit;
				INFOPLIST_KEY_UIStatusBarHidden = YES;
				INFOPLIST_KEY_UISupportedInterfaceOrientations_iPad = "UIInterfaceOrientationPortrait UIInterfaceOrientationPortraitUpsideDown UIInterfaceOrientationLandscapeLeft UIInterfaceOrientationLandscapeRight";
				INFOPLIST_KEY_UISupportedInterfaceOrientations_iPhone = "UIInterfaceOrientationPortrait UIInterfaceOrientationLandscapeLeft UIInterfaceOrientationLandscapeRight";
				LD_RUNPATH_SEARCH_PATHS = (
					"$(inherited)",
					"@executable_path/Frameworks",
				);
				MARKETING_VERSION = 1.0;
				PRODUCT_BUNDLE_IDENTIFIER = com.jmousseau.RoomObjectReplicatorDemo;
				PRODUCT_NAME = "$(TARGET_NAME)";
				SWIFT_EMIT_LOC_STRINGS = YES;
				SWIFT_VERSION = 5.0;
				TARGETED_DEVICE_FAMILY = "1,2";
			};
			name = Release;
		};
/* End XCBuildConfiguration section */

/* Begin XCConfigurationList section */
		04814F49284FA5B2004DFB85 /* Build configuration list for PBXProject "RoomObjectReplicatorDemo" */ = {
			isa = XCConfigurationList;
			buildConfigurations = (
				04814F5F284FA5B3004DFB85 /* Debug */,
				04814F60284FA5B3004DFB85 /* Release */,
			);
			defaultConfigurationIsVisible = 0;
			defaultConfigurationName = Release;
		};
		04814F61284FA5B3004DFB85 /* Build configuration list for PBXNativeTarget "RoomObjectReplicatorDemo" */ = {
			isa = XCConfigurationList;
			buildConfigurations = (
				04814F62284FA5B3004DFB85 /* Debug */,
				04814F63284FA5B3004DFB85 /* Release */,
			);
			defaultConfigurationIsVisible = 0;
			defaultConfigurationName = Release;
		};
/* End XCConfigurationList section */

/* Begin XCRemoteSwiftPackageReference section */
		04814F64284FA63A004DFB85 /* XCRemoteSwiftPackageReference "RoomObjectReplicator" */ = {
			isa = XCRemoteSwiftPackageReference;
			repositoryURL = "https://github.com/jmousseau/RoomObjectReplicator";
			requirement = {
				branch = main;
				kind = branch;
			};
		};
/* End XCRemoteSwiftPackageReference section */

/* Begin XCSwiftPackageProductDependency section */
		04814F65284FA63A004DFB85 /* RoomObjectReplicator */ = {
			isa = XCSwiftPackageProductDependency;
			package = 04814F64284FA63A004DFB85 /* XCRemoteSwiftPackageReference "RoomObjectReplicator" */;
			productName = RoomObjectReplicator;
		};
/* End XCSwiftPackageProductDependency section */
	};
	rootObject = 04814F46284FA5B2004DFB85 /* Project object */;
}
